
Microsoft Visual Studio Solution File, Format Version 10.00
# Visual Studio 2008
Project("{FAE04EC0-301F-11D3-BF4B-00C04F79EFBC}") = "Converter", "Converter\Converter.csproj", "{B788FD24-45D5-4884-B584-ED0B5A07625E}"
EndProject
Project("{FAE04EC0-301F-11D3-BF4B-00C04F79EFBC}") = "Sun2Base", "..\..\Sun2Base\Sun2Base.csproj", "{96A576F0-3D3A-41DE-9994-098C286ACC0F}"
EndProject
Global
	GlobalSection(SolutionConfigurationPlatforms) = preSolution
		Debug|Any CPU = Debug|Any CPU
		Release|Any CPU = Release|Any CPU
	EndGlobalSection
	GlobalSection(ProjectConfigurationPlatforms) = postSolution
		{B788FD24-45D5-4884-B584-ED0B5A07625E}.Debug|Any CPU.ActiveCfg = Debug|Any CPU
		{B788FD24-45D5-4884-B584-ED0B5A07625E}.Debug|Any CPU.Build.0 = Debug|Any CPU
		{B788FD24-45D5-4884-B584-ED0B5A07625E}.Release|Any CPU.ActiveCfg = Release|Any CPU
		{B788FD24-45D5-4884-B584-ED0B5A07625E}.Release|Any CPU.Build.0 = Release|Any CPU
		{96A576F0-3D3A-41DE-9994-098C286ACC0F}.Debug|Any CPU.ActiveCfg = Debug|Any CPU
		{96A576F0-3D3A-41DE-9994-098C286ACC0F}.Debug|Any CPU.Build.0 = Debug|Any CPU
		{96A576F0-3D3A-41DE-9994-098C286ACC0F}.Release|Any CPU.ActiveCfg = Release|Any CPU
		{96A576F0-3D3A-41DE-9994-098C286ACC0F}.Release|Any CPU.Build.0 = Release|Any CPU
	EndGlobalSection
	GlobalSection(SolutionProperties) = preSolution
		HideSolutionNode = FALSE
	EndGlobalSection
EndGlobal
